
Microsoft Visual Studio Solution File, Format Version 12.00
# Visual Studio Version 17
VisualStudioVersion = 17.2.32505.173
MinimumVisualStudioVersion = 10.0.40219.1
Project("{8BC9CEB8-8B4A-11D0-8D11-00A0C91BC942}") = "DataptrHook", "DataptrHook\DataptrHook.vcxproj", "{230D7FA2-9284-4724-8926-980552209CC1}"
EndProject
Project("{8BC9CEB8-8B4A-11D0-8D11-00A0C91BC942}") = "DataptrHookDriver", "DataptrHookDriver\DataptrHookDriver.vcxproj", "{8176F7B8-7A81-4AAB-AEA2-DCCF75C57566}"
EndProject
Global
	GlobalSection(SolutionConfigurationPlatforms) = preSolution
		Debug|ARM64 = Debug|ARM64
		Debug|x64 = Debug|x64
		Debug|x86 = Debug|x86
		Release|ARM64 = Release|ARM64
		Release|x64 = Release|x64
		Release|x86 = Release|x86
	EndGlobalSection
	GlobalSection(ProjectConfigurationPlatforms) = postSolution
		{230D7FA2-9284-4724-8926-980552209CC1}.Debug|ARM64.ActiveCfg = Debug|x64
		{230D7FA2-9284-4724-8926-980552209CC1}.Debug|ARM64.Build.0 = Debug|x64
		{230D7FA2-9284-4724-8926-980552209CC1}.Debug|x64.ActiveCfg = Debug|x64
		{230D7FA2-9284-4724-8926-980552209CC1}.Debug|x64.Build.0 = Debug|x64
		{230D7FA2-9284-4724-8926-980552209CC1}.Debug|x86.ActiveCfg = Debug|Win32
		{230D7FA2-9284-4724-8926-980552209CC1}.Debug|x86.Build.0 = Debug|Win32
		{230D7FA2-9284-4724-8926-980552209CC1}.Release|ARM64.ActiveCfg = Release|x64
		{230D7FA2-9284-4724-8926-980552209CC1}.Release|ARM64.Build.0 = Release|x64
		{230D7FA2-9284-4724-8926-980552209CC1}.Release|x64.ActiveCfg = Release|x64
		{230D7FA2-9284-4724-8926-980552209CC1}.Release|x64.Build.0 = Release|x64
		{230D7FA2-9284-4724-8926-980552209CC1}.Release|x86.ActiveCfg = Release|Win32
		{230D7FA2-9284-4724-8926-980552209CC1}.Release|x86.Build.0 = Release|Win32
		{8176F7B8-7A81-4AAB-AEA2-DCCF75C57566}.Debug|ARM64.ActiveCfg = Debug|ARM64
		{8176F7B8-7A81-4AAB-AEA2-DCCF75C57566}.Debug|ARM64.Build.0 = Debug|ARM64
		{8176F7B8-7A81-4AAB-AEA2-DCCF75C57566}.Debug|ARM64.Deploy.0 = Debug|ARM64
		{8176F7B8-7A81-4AAB-AEA2-DCCF75C57566}.Debug|x64.ActiveCfg = Debug|x64
		{8176F7B8-7A81-4AAB-AEA2-DCCF75C57566}.Debug|x64.Build.0 = Debug|x64
		{8176F7B8-7A81-4AAB-AEA2-DCCF75C57566}.Debug|x64.Deploy.0 = Debug|x64
		{8176F7B8-7A81-4AAB-AEA2-DCCF75C57566}.Debug|x86.ActiveCfg = Debug|x64
		{8176F7B8-7A81-4AAB-AEA2-DCCF75C57566}.Debug|x86.Build.0 = Debug|x64
		{8176F7B8-7A81-4AAB-AEA2-DCCF75C57566}.Debug|x86.Deploy.0 = Debug|x64
		{8176F7B8-7A81-4AAB-AEA2-DCCF75C57566}.Release|ARM64.ActiveCfg = Release|ARM64
		{8176F7B8-7A81-4AAB-AEA2-DCCF75C57566}.Release|ARM64.Build.0 = Release|ARM64
		{8176F7B8-7A81-4AAB-AEA2-DCCF75C57566}.Release|ARM64.Deploy.0 = Release|ARM64
		{8176F7B8-7A81-4AAB-AEA2-DCCF75C57566}.Release|x64.ActiveCfg = Release|x64
		{8176F7B8-7A81-4AAB-AEA2-DCCF75C57566}.Release|x64.Build.0 = Release|x64
		{8176F7B8-7A81-4AAB-AEA2-DCCF75C57566}.Release|x64.Deploy.0 = Release|x64
		{8176F7B8-7A81-4AAB-AEA2-DCCF75C57566}.Release|x86.ActiveCfg = Release|x64
		{8176F7B8-7A81-4AAB-AEA2-DCCF75C57566}.Release|x86.Build.0 = Release|x64
		{8176F7B8-7A81-4AAB-AEA2-DCCF75C57566}.Release|x86.Deploy.0 = Release|x64
	EndGlobalSection
	GlobalSection(SolutionProperties) = preSolution
		HideSolutionNode = FALSE
	EndGlobalSection
	GlobalSection(ExtensibilityGlobals) = postSolution
		SolutionGuid = {779DE40D-B823-484D-8C97-685741FD7E7C}
	EndGlobalSection
EndGlobal
